
Microsoft Visual Studio Solution File, Format Version 12.00
# Visual Studio Version 17
VisualStudioVersion = 17.9.34728.123
MinimumVisualStudioVersion = 10.0.40219.1
Project("{9A19103F-16F7-4668-BE54-9A1E7A4F7556}") = "Concurrent", "Concurrent\Concurrent.csproj", "{8B2BCF77-EA07-471A-9866-5801D1D15A9B}"
EndProject
Project("{9A19103F-16F7-4668-BE54-9A1E7A4F7556}") = "Concurrent.Tests", "Concurrent.Tests\Concurrent.Tests.csproj", "{169790EB-AA0B-4462-B946-994EB937B083}"
EndProject
Global
	GlobalSection(SolutionConfigurationPlatforms) = preSolution
		Debug|Any CPU = Debug|Any CPU
		Release|Any CPU = Release|Any CPU
	EndGlobalSection
	GlobalSection(ProjectConfigurationPlatforms) = postSolution
		{8B2BCF77-EA07-471A-9866-5801D1D15A9B}.Debug|Any CPU.ActiveCfg = Debug|Any CPU
		{8B2BCF77-EA07-471A-9866-5801D1D15A9B}.Debug|Any CPU.Build.0 = Debug|Any CPU
		{8B2BCF77-EA07-471A-9866-5801D1D15A9B}.Release|Any CPU.ActiveCfg = Release|Any CPU
		{8B2BCF77-EA07-471A-9866-5801D1D15A9B}.Release|Any CPU.Build.0 = Release|Any CPU
		{169790EB-AA0B-4462-B946-994EB937B083}.Debug|Any CPU.ActiveCfg = Debug|Any CPU
		{169790EB-AA0B-4462-B946-994EB937B083}.Debug|Any CPU.Build.0 = Debug|Any CPU
		{169790EB-AA0B-4462-B946-994EB937B083}.Release|Any CPU.ActiveCfg = Release|Any CPU
		{169790EB-AA0B-4462-B946-994EB937B083}.Release|Any CPU.Build.0 = Release|Any CPU
	EndGlobalSection
	GlobalSection(SolutionProperties) = preSolution
		HideSolutionNode = FALSE
	EndGlobalSection
	GlobalSection(ExtensibilityGlobals) = postSolution
		SolutionGuid = {ADFAB6BA-E707-4978-BDAC-B9170468DBA5}
	EndGlobalSection
EndGlobal
